// !$*UTF8*$!
{
	archiveVersion = 1;
	classes = {
	};
	objectVersion = 46;
	objects = {

/* Begin PBXBuildFile section */
		327CDEFE50A94D1C8D26DDA1 /* libPods.a in Frameworks */ = {isa = PBXBuildFile; fileRef = AE70CFF0B57293A32C57C38A /* libPods.a */; };
		AA8444451ACFED89004F0D0E /* main.m in Sources */ = {isa = PBXBuildFile; fileRef = AA8444441ACFED89004F0D0E /* main.m */; };
		AA8444481ACFED89004F0D0E /* AppDelegate.m in Sources */ = {isa = PBXBuildFile; fileRef = AA8444471ACFED89004F0D0E /* AppDelegate.m */; };
		AA84444B1ACFED89004F0D0E /* motif.xcdatamodeld in Sources */ = {isa = PBXBuildFile; fileRef = AA8444491ACFED89004F0D0E /* motif.xcdatamodeld */; };
		AA8444511ACFED89004F0D0E /* Main.storyboard in Resources */ = {isa = PBXBuildFile; fileRef = AA84444F1ACFED89004F0D0E /* Main.storyboard */; };
		AA8444531ACFED89004F0D0E /* Images.xcassets in Resources */ = {isa = PBXBuildFile; fileRef = AA8444521ACFED89004F0D0E /* Images.xcassets */; };
		AA8444561ACFED89004F0D0E /* LaunchScreen.xib in Resources */ = {isa = PBXBuildFile; fileRef = AA8444541ACFED89004F0D0E /* LaunchScreen.xib */; };
		AA8444621ACFED8A004F0D0E /* motifTests.m in Sources */ = {isa = PBXBuildFile; fileRef = AA8444611ACFED8A004F0D0E /* motifTests.m */; };
		AA84446C1ACFFE0F004F0D0E /* Parse.framework in Frameworks */ = {isa = PBXBuildFile; fileRef = AA84446B1ACFFE0F004F0D0E /* Parse.framework */; };
		AA84446E1ACFFE2B004F0D0E /* AudioToolbox.framework in Frameworks */ = {isa = PBXBuildFile; fileRef = AA84446D1ACFFE2B004F0D0E /* AudioToolbox.framework */; };
		AA8444701ACFFE33004F0D0E /* CFNetwork.framework in Frameworks */ = {isa = PBXBuildFile; fileRef = AA84446F1ACFFE33004F0D0E /* CFNetwork.framework */; };
		AA8444721ACFFE3E004F0D0E /* CoreGraphics.framework in Frameworks */ = {isa = PBXBuildFile; fileRef = AA8444711ACFFE3E004F0D0E /* CoreGraphics.framework */; };
		AA8444741ACFFE4C004F0D0E /* CoreLocation.framework in Frameworks */ = {isa = PBXBuildFile; fileRef = AA8444731ACFFE4C004F0D0E /* CoreLocation.framework */; };
		AA8444761ACFFE5A004F0D0E /* MobileCoreServices.framework in Frameworks */ = {isa = PBXBuildFile; fileRef = AA8444751ACFFE5A004F0D0E /* MobileCoreServices.framework */; };
		AA8444781ACFFE5F004F0D0E /* QuartzCore.framework in Frameworks */ = {isa = PBXBuildFile; fileRef = AA8444771ACFFE5F004F0D0E /* QuartzCore.framework */; };
		AA84447A1ACFFE84004F0D0E /* Security.framework in Frameworks */ = {isa = PBXBuildFile; fileRef = AA8444791ACFFE84004F0D0E /* Security.framework */; };
		AA84447C1ACFFE8C004F0D0E /* StoreKit.framework in Frameworks */ = {isa = PBXBuildFile; fileRef = AA84447B1ACFFE8C004F0D0E /* StoreKit.framework */; };
		AA84447E1ACFFE98004F0D0E /* SystemConfiguration.framework in Frameworks */ = {isa = PBXBuildFile; fileRef = AA84447D1ACFFE98004F0D0E /* SystemConfiguration.framework */; };
		AA8444801ACFFEE9004F0D0E /* libz.dylib in Frameworks */ = {isa = PBXBuildFile; fileRef = AA84447F1ACFFEE9004F0D0E /* libz.dylib */; };
		AA8444821ACFFEF5004F0D0E /* libsqlite3.dylib in Frameworks */ = {isa = PBXBuildFile; fileRef = AA8444811ACFFEF5004F0D0E /* libsqlite3.dylib */; };
		AA89FB761AD015A900D550C1 /* Social.framework in Frameworks */ = {isa = PBXBuildFile; fileRef = AA89FB751AD015A900D550C1 /* Social.framework */; };
		AA89FB781AD015AE00D550C1 /* Accounts.framework in Frameworks */ = {isa = PBXBuildFile; fileRef = AA89FB771AD015AE00D550C1 /* Accounts.framework */; };
		AAF76C111AD0994700DFA033 /* CIOAuthViewController.m in Sources */ = {isa = PBXBuildFile; fileRef = AAF76C101AD0994700DFA033 /* CIOAuthViewController.m */; };
		AAF76C141AD0AD6800DFA033 /* MFAPIClient.m in Sources */ = {isa = PBXBuildFile; fileRef = AAF76C131AD0AD6800DFA033 /* MFAPIClient.m */; };
		AAF76C621AD102D500DFA033 /* libxml2.dylib in Frameworks */ = {isa = PBXBuildFile; fileRef = AAF76C611AD102D500DFA033 /* libxml2.dylib */; };
		AAF76C791AD119BB00DFA033 /* libMPOAuthMobile.a in Frameworks */ = {isa = PBXBuildFile; fileRef = AAF76C781AD119BB00DFA033 /* libMPOAuthMobile.a */; };
/* End PBXBuildFile section */

/* Begin PBXContainerItemProxy section */
		AA84445C1ACFED8A004F0D0E /* PBXContainerItemProxy */ = {
			isa = PBXContainerItemProxy;
			containerPortal = AA8444371ACFED89004F0D0E /* Project object */;
			proxyType = 1;
			remoteGlobalIDString = AA84443E1ACFED89004F0D0E;
			remoteInfo = motif;
		};
/* End PBXContainerItemProxy section */

/* Begin PBXFileReference section */
		8C6D86B12953E68FCADE37FB /* Pods.release.xcconfig */ = {isa = PBXFileReference; includeInIndex = 1; lastKnownFileType = text.xcconfig; name = Pods.release.xcconfig; path = "Pods/Target Support Files/Pods/Pods.release.xcconfig"; sourceTree = "<group>"; };
		AA84443F1ACFED89004F0D0E /* motif.app */ = {isa = PBXFileReference; explicitFileType = wrapper.application; includeInIndex = 0; path = motif.app; sourceTree = BUILT_PRODUCTS_DIR; };
		AA8444431ACFED89004F0D0E /* Info.plist */ = {isa = PBXFileReference; lastKnownFileType = text.plist.xml; path = Info.plist; sourceTree = "<group>"; };
		AA8444441ACFED89004F0D0E /* main.m */ = {isa = PBXFileReference; lastKnownFileType = sourcecode.c.objc; path = main.m; sourceTree = "<group>"; };
		AA8444461ACFED89004F0D0E /* AppDelegate.h */ = {isa = PBXFileReference; lastKnownFileType = sourcecode.c.h; path = AppDelegate.h; sourceTree = "<group>"; };
		AA8444471ACFED89004F0D0E /* AppDelegate.m */ = {isa = PBXFileReference; lastKnownFileType = sourcecode.c.objc; path = AppDelegate.m; sourceTree = "<group>"; };
		AA84444A1ACFED89004F0D0E /* motif.xcdatamodel */ = {isa = PBXFileReference; lastKnownFileType = wrapper.xcdatamodel; path = motif.xcdatamodel; sourceTree = "<group>"; };
		AA8444501ACFED89004F0D0E /* Base */ = {isa = PBXFileReference; lastKnownFileType = file.storyboard; name = Base; path = Base.lproj/Main.storyboard; sourceTree = "<group>"; };
		AA8444521ACFED89004F0D0E /* Images.xcassets */ = {isa = PBXFileReference; lastKnownFileType = folder.assetcatalog; path = Images.xcassets; sourceTree = "<group>"; };
		AA8444551ACFED89004F0D0E /* Base */ = {isa = PBXFileReference; lastKnownFileType = file.xib; name = Base; path = Base.lproj/LaunchScreen.xib; sourceTree = "<group>"; };
		AA84445B1ACFED8A004F0D0E /* motifTests.xctest */ = {isa = PBXFileReference; explicitFileType = wrapper.cfbundle; includeInIndex = 0; path = motifTests.xctest; sourceTree = BUILT_PRODUCTS_DIR; };
		AA8444601ACFED8A004F0D0E /* Info.plist */ = {isa = PBXFileReference; lastKnownFileType = text.plist.xml; path = Info.plist; sourceTree = "<group>"; };
		AA8444611ACFED8A004F0D0E /* motifTests.m */ = {isa = PBXFileReference; lastKnownFileType = sourcecode.c.objc; path = motifTests.m; sourceTree = "<group>"; };
		AA84446B1ACFFE0F004F0D0E /* Parse.framework */ = {isa = PBXFileReference; lastKnownFileType = wrapper.framework; path = Parse.framework; sourceTree = "<group>"; };
		AA84446D1ACFFE2B004F0D0E /* AudioToolbox.framework */ = {isa = PBXFileReference; lastKnownFileType = wrapper.framework; name = AudioToolbox.framework; path = System/Library/Frameworks/AudioToolbox.framework; sourceTree = SDKROOT; };
		AA84446F1ACFFE33004F0D0E /* CFNetwork.framework */ = {isa = PBXFileReference; lastKnownFileType = wrapper.framework; name = CFNetwork.framework; path = System/Library/Frameworks/CFNetwork.framework; sourceTree = SDKROOT; };
		AA8444711ACFFE3E004F0D0E /* CoreGraphics.framework */ = {isa = PBXFileReference; lastKnownFileType = wrapper.framework; name = CoreGraphics.framework; path = System/Library/Frameworks/CoreGraphics.framework; sourceTree = SDKROOT; };
		AA8444731ACFFE4C004F0D0E /* CoreLocation.framework */ = {isa = PBXFileReference; lastKnownFileType = wrapper.framework; name = CoreLocation.framework; path = System/Library/Frameworks/CoreLocation.framework; sourceTree = SDKROOT; };
		AA8444751ACFFE5A004F0D0E /* MobileCoreServices.framework */ = {isa = PBXFileReference; lastKnownFileType = wrapper.framework; name = MobileCoreServices.framework; path = System/Library/Frameworks/MobileCoreServices.framework; sourceTree = SDKROOT; };
		AA8444771ACFFE5F004F0D0E /* QuartzCore.framework */ = {isa = PBXFileReference; lastKnownFileType = wrapper.framework; name = QuartzCore.framework; path = System/Library/Frameworks/QuartzCore.framework; sourceTree = SDKROOT; };
		AA8444791ACFFE84004F0D0E /* Security.framework */ = {isa = PBXFileReference; lastKnownFileType = wrapper.framework; name = Security.framework; path = System/Library/Frameworks/Security.framework; sourceTree = SDKROOT; };
		AA84447B1ACFFE8C004F0D0E /* StoreKit.framework */ = {isa = PBXFileReference; lastKnownFileType = wrapper.framework; name = StoreKit.framework; path = System/Library/Frameworks/StoreKit.framework; sourceTree = SDKROOT; };
		AA84447D1ACFFE98004F0D0E /* SystemConfiguration.framework */ = {isa = PBXFileReference; lastKnownFileType = wrapper.framework; name = SystemConfiguration.framework; path = System/Library/Frameworks/SystemConfiguration.framework; sourceTree = SDKROOT; };
		AA84447F1ACFFEE9004F0D0E /* libz.dylib */ = {isa = PBXFileReference; lastKnownFileType = "compiled.mach-o.dylib"; name = libz.dylib; path = usr/lib/libz.dylib; sourceTree = SDKROOT; };
		AA8444811ACFFEF5004F0D0E /* libsqlite3.dylib */ = {isa = PBXFileReference; lastKnownFileType = "compiled.mach-o.dylib"; name = libsqlite3.dylib; path = usr/lib/libsqlite3.dylib; sourceTree = SDKROOT; };
		AA89FB751AD015A900D550C1 /* Social.framework */ = {isa = PBXFileReference; lastKnownFileType = wrapper.framework; name = Social.framework; path = System/Library/Frameworks/Social.framework; sourceTree = SDKROOT; };
		AA89FB771AD015AE00D550C1 /* Accounts.framework */ = {isa = PBXFileReference; lastKnownFileType = wrapper.framework; name = Accounts.framework; path = System/Library/Frameworks/Accounts.framework; sourceTree = SDKROOT; };
		AAF76C0F1AD0994700DFA033 /* CIOAuthViewController.h */ = {isa = PBXFileReference; fileEncoding = 4; lastKnownFileType = sourcecode.c.h; path = CIOAuthViewController.h; sourceTree = "<group>"; };
		AAF76C101AD0994700DFA033 /* CIOAuthViewController.m */ = {isa = PBXFileReference; fileEncoding = 4; lastKnownFileType = sourcecode.c.objc; path = CIOAuthViewController.m; sourceTree = "<group>"; };
		AAF76C121AD0AD6800DFA033 /* MFAPIClient.h */ = {isa = PBXFileReference; fileEncoding = 4; lastKnownFileType = sourcecode.c.h; path = MFAPIClient.h; sourceTree = "<group>"; };
		AAF76C131AD0AD6800DFA033 /* MFAPIClient.m */ = {isa = PBXFileReference; fileEncoding = 4; lastKnownFileType = sourcecode.c.objc; path = MFAPIClient.m; sourceTree = "<group>"; };
		AAF76C181AD0FD7000DFA033 /* MPOAuthMobile.app */ = {isa = PBXFileReference; lastKnownFileType = wrapper.application; name = MPOAuthMobile.app; path = "../../../../Library/Developer/Xcode/DerivedData/MPOAuth-ggniikqbndxfxgauzzeorpyhfbeh/Build/Products/Debug-iphoneos/MPOAuthMobile.app"; sourceTree = "<group>"; };
		AAF76C1A1AD0FE1400DFA033 /* libMPOAuth_s.a */ = {isa = PBXFileReference; lastKnownFileType = archive.ar; name = libMPOAuth_s.a; path = "../../../../Library/Developer/Xcode/DerivedData/MPOAuth-ggniikqbndxfxgauzzeorpyhfbeh/Build/Products/Debug/libMPOAuth_s.a"; sourceTree = "<group>"; };
		AAF76C611AD102D500DFA033 /* libxml2.dylib */ = {isa = PBXFileReference; lastKnownFileType = "compiled.mach-o.dylib"; name = libxml2.dylib; path = usr/lib/libxml2.dylib; sourceTree = SDKROOT; };
		AAF76C6B1AD1124600DFA033 /* libLROAuth2Client-Device.a */ = {isa = PBXFileReference; lastKnownFileType = archive.ar; name = "libLROAuth2Client-Device.a"; path = "../../../../Downloads/LROAuth2Client-master/build/Debug-iphoneos/libLROAuth2Client-Device.a"; sourceTree = "<group>"; };
		AAF76C761AD117B500DFA033 /* libMPOAuth_s.a */ = {isa = PBXFileReference; lastKnownFileType = archive.ar; name = libMPOAuth_s.a; path = "MPOAuth-master/build/Debug/libMPOAuth_s.a"; sourceTree = "<group>"; };
		AAF76C781AD119BB00DFA033 /* libMPOAuthMobile.a */ = {isa = PBXFileReference; lastKnownFileType = archive.ar; name = libMPOAuthMobile.a; path = "MPOAuth-master/build/Debug-iphoneos/libMPOAuthMobile.a"; sourceTree = "<group>"; };
		AE70CFF0B57293A32C57C38A /* libPods.a */ = {isa = PBXFileReference; explicitFileType = archive.ar; includeInIndex = 0; path = libPods.a; sourceTree = BUILT_PRODUCTS_DIR; };
		CE678E0B15B1985857D79D70 /* Pods.debug.xcconfig */ = {isa = PBXFileReference; includeInIndex = 1; lastKnownFileType = text.xcconfig; name = Pods.debug.xcconfig; path = "Pods/Target Support Files/Pods/Pods.debug.xcconfig"; sourceTree = "<group>"; };
/* End PBXFileReference section */

/* Begin PBXFrameworksBuildPhase section */
		AA84443C1ACFED89004F0D0E /* Frameworks */ = {
			isa = PBXFrameworksBuildPhase;
			buildActionMask = 2147483647;
			files = (
				AAF76C791AD119BB00DFA033 /* libMPOAuthMobile.a in Frameworks */,
				AAF76C621AD102D500DFA033 /* libxml2.dylib in Frameworks */,
				AA89FB781AD015AE00D550C1 /* Accounts.framework in Frameworks */,
				AA89FB761AD015A900D550C1 /* Social.framework in Frameworks */,
				AA8444821ACFFEF5004F0D0E /* libsqlite3.dylib in Frameworks */,
				AA8444801ACFFEE9004F0D0E /* libz.dylib in Frameworks */,
				AA84447E1ACFFE98004F0D0E /* SystemConfiguration.framework in Frameworks */,
				AA84447C1ACFFE8C004F0D0E /* StoreKit.framework in Frameworks */,
				AA84447A1ACFFE84004F0D0E /* Security.framework in Frameworks */,
				AA8444781ACFFE5F004F0D0E /* QuartzCore.framework in Frameworks */,
				AA8444761ACFFE5A004F0D0E /* MobileCoreServices.framework in Frameworks */,
				AA8444741ACFFE4C004F0D0E /* CoreLocation.framework in Frameworks */,
				AA8444721ACFFE3E004F0D0E /* CoreGraphics.framework in Frameworks */,
				AA8444701ACFFE33004F0D0E /* CFNetwork.framework in Frameworks */,
				AA84446E1ACFFE2B004F0D0E /* AudioToolbox.framework in Frameworks */,
				AA84446C1ACFFE0F004F0D0E /* Parse.framework in Frameworks */,
				327CDEFE50A94D1C8D26DDA1 /* libPods.a in Frameworks */,
			);
			runOnlyForDeploymentPostprocessing = 0;
		};
		AA8444581ACFED8A004F0D0E /* Frameworks */ = {
			isa = PBXFrameworksBuildPhase;
			buildActionMask = 2147483647;
			files = (
			);
			runOnlyForDeploymentPostprocessing = 0;
		};
/* End PBXFrameworksBuildPhase section */

/* Begin PBXGroup section */
		36B6CBEC50AB23BFEC015002 /* Pods */ = {
			isa = PBXGroup;
			children = (
				CE678E0B15B1985857D79D70 /* Pods.debug.xcconfig */,
				8C6D86B12953E68FCADE37FB /* Pods.release.xcconfig */,
			);
			name = Pods;
			sourceTree = "<group>";
		};
		AA8444361ACFED89004F0D0E = {
			isa = PBXGroup;
			children = (
				AA8444411ACFED89004F0D0E /* motif */,
				AA84445E1ACFED8A004F0D0E /* motifTests */,
				AA8444401ACFED89004F0D0E /* Products */,
				36B6CBEC50AB23BFEC015002 /* Pods */,
				AF418D680AAD2987F13237C8 /* Frameworks */,
			);
			sourceTree = "<group>";
		};
		AA8444401ACFED89004F0D0E /* Products */ = {
			isa = PBXGroup;
			children = (
				AA84443F1ACFED89004F0D0E /* motif.app */,
				AA84445B1ACFED8A004F0D0E /* motifTests.xctest */,
			);
			name = Products;
			sourceTree = "<group>";
		};
		AA8444411ACFED89004F0D0E /* motif */ = {
			isa = PBXGroup;
			children = (
				AA8444461ACFED89004F0D0E /* AppDelegate.h */,
				AA8444471ACFED89004F0D0E /* AppDelegate.m */,
				AAF76C121AD0AD6800DFA033 /* MFAPIClient.h */,
				AAF76C131AD0AD6800DFA033 /* MFAPIClient.m */,
				AAF76C0F1AD0994700DFA033 /* CIOAuthViewController.h */,
				AAF76C101AD0994700DFA033 /* CIOAuthViewController.m */,
				AA84444F1ACFED89004F0D0E /* Main.storyboard */,
				AA8444521ACFED89004F0D0E /* Images.xcassets */,
				AA8444541ACFED89004F0D0E /* LaunchScreen.xib */,
				AA8444491ACFED89004F0D0E /* motif.xcdatamodeld */,
				AA8444421ACFED89004F0D0E /* Supporting Files */,
			);
			path = motif;
			sourceTree = "<group>";
		};
		AA8444421ACFED89004F0D0E /* Supporting Files */ = {
			isa = PBXGroup;
			children = (
				AA8444431ACFED89004F0D0E /* Info.plist */,
				AA8444811ACFFEF5004F0D0E /* libsqlite3.dylib */,
				AA84447F1ACFFEE9004F0D0E /* libz.dylib */,
				AA84446B1ACFFE0F004F0D0E /* Parse.framework */,
				AA84447D1ACFFE98004F0D0E /* SystemConfiguration.framework */,
				AA84447B1ACFFE8C004F0D0E /* StoreKit.framework */,
				AA8444791ACFFE84004F0D0E /* Security.framework */,
				AA8444771ACFFE5F004F0D0E /* QuartzCore.framework */,
				AA8444751ACFFE5A004F0D0E /* MobileCoreServices.framework */,
				AA8444731ACFFE4C004F0D0E /* CoreLocation.framework */,
				AA8444711ACFFE3E004F0D0E /* CoreGraphics.framework */,
				AA84446F1ACFFE33004F0D0E /* CFNetwork.framework */,
				AA84446D1ACFFE2B004F0D0E /* AudioToolbox.framework */,
				AA8444441ACFED89004F0D0E /* main.m */,
			);
			name = "Supporting Files";
			sourceTree = "<group>";
		};
		AA84445E1ACFED8A004F0D0E /* motifTests */ = {
			isa = PBXGroup;
			children = (
				AA8444611ACFED8A004F0D0E /* motifTests.m */,
				AA84445F1ACFED8A004F0D0E /* Supporting Files */,
			);
			path = motifTests;
			sourceTree = "<group>";
		};
		AA84445F1ACFED8A004F0D0E /* Supporting Files */ = {
			isa = PBXGroup;
			children = (
				AA8444601ACFED8A004F0D0E /* Info.plist */,
			);
			name = "Supporting Files";
			sourceTree = "<group>";
		};
		AF418D680AAD2987F13237C8 /* Frameworks */ = {
			isa = PBXGroup;
			children = (
				AAF76C781AD119BB00DFA033 /* libMPOAuthMobile.a */,
				AAF76C761AD117B500DFA033 /* libMPOAuth_s.a */,
				AAF76C6B1AD1124600DFA033 /* libLROAuth2Client-Device.a */,
				AAF76C611AD102D500DFA033 /* libxml2.dylib */,
				AAF76C1A1AD0FE1400DFA033 /* libMPOAuth_s.a */,
				AAF76C181AD0FD7000DFA033 /* MPOAuthMobile.app */,
				AA89FB771AD015AE00D550C1 /* Accounts.framework */,
				AA89FB751AD015A900D550C1 /* Social.framework */,
				AE70CFF0B57293A32C57C38A /* libPods.a */,
			);
			name = Frameworks;
			sourceTree = "<group>";
		};
/* End PBXGroup section */

/* Begin PBXNativeTarget section */
		AA84443E1ACFED89004F0D0E /* motif */ = {
			isa = PBXNativeTarget;
			buildConfigurationList = AA8444651ACFED8A004F0D0E /* Build configuration list for PBXNativeTarget "motif" */;
			buildPhases = (
				865F51A2621CAC167E8CFB10 /* Check Pods Manifest.lock */,
				AA84443B1ACFED89004F0D0E /* Sources */,
				AA84443C1ACFED89004F0D0E /* Frameworks */,
				AA84443D1ACFED89004F0D0E /* Resources */,
				53D695DF4BAB38BCE358A47C /* Copy Pods Resources */,
			);
			buildRules = (
			);
			dependencies = (
			);
			name = motif;
			productName = motif;
			productReference = AA84443F1ACFED89004F0D0E /* motif.app */;
			productType = "com.apple.product-type.application";
		};
		AA84445A1ACFED8A004F0D0E /* motifTests */ = {
			isa = PBXNativeTarget;
			buildConfigurationList = AA8444681ACFED8A004F0D0E /* Build configuration list for PBXNativeTarget "motifTests" */;
			buildPhases = (
				AA8444571ACFED8A004F0D0E /* Sources */,
				AA8444581ACFED8A004F0D0E /* Frameworks */,
				AA8444591ACFED8A004F0D0E /* Resources */,
			);
			buildRules = (
			);
			dependencies = (
				AA84445D1ACFED8A004F0D0E /* PBXTargetDependency */,
			);
			name = motifTests;
			productName = motifTests;
			productReference = AA84445B1ACFED8A004F0D0E /* motifTests.xctest */;
			productType = "com.apple.product-type.bundle.unit-test";
		};
/* End PBXNativeTarget section */

/* Begin PBXProject section */
		AA8444371ACFED89004F0D0E /* Project object */ = {
			isa = PBXProject;
			attributes = {
				LastUpgradeCheck = 0620;
				ORGANIZATIONNAME = "Si Te Feng";
				TargetAttributes = {
					AA84443E1ACFED89004F0D0E = {
						CreatedOnToolsVersion = 6.2;
						DevelopmentTeam = 52GHE2Q332;
					};
					AA84445A1ACFED8A004F0D0E = {
						CreatedOnToolsVersion = 6.2;
						TestTargetID = AA84443E1ACFED89004F0D0E;
					};
				};
			};
			buildConfigurationList = AA84443A1ACFED89004F0D0E /* Build configuration list for PBXProject "motif" */;
			compatibilityVersion = "Xcode 3.2";
			developmentRegion = English;
			hasScannedForEncodings = 0;
			knownRegions = (
				en,
				Base,
			);
			mainGroup = AA8444361ACFED89004F0D0E;
			productRefGroup = AA8444401ACFED89004F0D0E /* Products */;
			projectDirPath = "";
			projectRoot = "";
			targets = (
				AA84443E1ACFED89004F0D0E /* motif */,
				AA84445A1ACFED8A004F0D0E /* motifTests */,
			);
		};
/* End PBXProject section */

/* Begin PBXResourcesBuildPhase section */
		AA84443D1ACFED89004F0D0E /* Resources */ = {
			isa = PBXResourcesBuildPhase;
			buildActionMask = 2147483647;
			files = (
				AA8444511ACFED89004F0D0E /* Main.storyboard in Resources */,
				AA8444561ACFED89004F0D0E /* LaunchScreen.xib in Resources */,
				AA8444531ACFED89004F0D0E /* Images.xcassets in Resources */,
			);
			runOnlyForDeploymentPostprocessing = 0;
		};
		AA8444591ACFED8A004F0D0E /* Resources */ = {
			isa = PBXResourcesBuildPhase;
			buildActionMask = 2147483647;
			files = (
			);
			runOnlyForDeploymentPostprocessing = 0;
		};
/* End PBXResourcesBuildPhase section */

/* Begin PBXShellScriptBuildPhase section */
		53D695DF4BAB38BCE358A47C /* Copy Pods Resources */ = {
			isa = PBXShellScriptBuildPhase;
			buildActionMask = 2147483647;
			files = (
			);
			inputPaths = (
			);
			name = "Copy Pods Resources";
			outputPaths = (
			);
			runOnlyForDeploymentPostprocessing = 0;
			shellPath = /bin/sh;
			shellScript = "\"${SRCROOT}/Pods/Target Support Files/Pods/Pods-resources.sh\"\n";
			showEnvVarsInLog = 0;
		};
		865F51A2621CAC167E8CFB10 /* Check Pods Manifest.lock */ = {
			isa = PBXShellScriptBuildPhase;
			buildActionMask = 2147483647;
			files = (
			);
			inputPaths = (
			);
			name = "Check Pods Manifest.lock";
			outputPaths = (
			);
			runOnlyForDeploymentPostprocessing = 0;
			shellPath = /bin/sh;
			shellScript = "diff \"${PODS_ROOT}/../Podfile.lock\" \"${PODS_ROOT}/Manifest.lock\" > /dev/null\nif [[ $? != 0 ]] ; then\n    cat << EOM\nerror: The sandbox is not in sync with the Podfile.lock. Run 'pod install' or update your CocoaPods installation.\nEOM\n    exit 1\nfi\n";
			showEnvVarsInLog = 0;
		};
/* End PBXShellScriptBuildPhase section */

/* Begin PBXSourcesBuildPhase section */
		AA84443B1ACFED89004F0D0E /* Sources */ = {
			isa = PBXSourcesBuildPhase;
			buildActionMask = 2147483647;
			files = (
				AAF76C141AD0AD6800DFA033 /* MFAPIClient.m in Sources */,
				AA84444B1ACFED89004F0D0E /* motif.xcdatamodeld in Sources */,
				AA8444481ACFED89004F0D0E /* AppDelegate.m in Sources */,
				AAF76C111AD0994700DFA033 /* CIOAuthViewController.m in Sources */,
				AA8444451ACFED89004F0D0E /* main.m in Sources */,
			);
			runOnlyForDeploymentPostprocessing = 0;
		};
		AA8444571ACFED8A004F0D0E /* Sources */ = {
			isa = PBXSourcesBuildPhase;
			buildActionMask = 2147483647;
			files = (
				AA8444621ACFED8A004F0D0E /* motifTests.m in Sources */,
			);
			runOnlyForDeploymentPostprocessing = 0;
		};
/* End PBXSourcesBuildPhase section */

/* Begin PBXTargetDependency section */
		AA84445D1ACFED8A004F0D0E /* PBXTargetDependency */ = {
			isa = PBXTargetDependency;
			target = AA84443E1ACFED89004F0D0E /* motif */;
			targetProxy = AA84445C1ACFED8A004F0D0E /* PBXContainerItemProxy */;
		};
/* End PBXTargetDependency section */

/* Begin PBXVariantGroup section */
		AA84444F1ACFED89004F0D0E /* Main.storyboard */ = {
			isa = PBXVariantGroup;
			children = (
				AA8444501ACFED89004F0D0E /* Base */,
			);
			name = Main.storyboard;
			sourceTree = "<group>";
		};
		AA8444541ACFED89004F0D0E /* LaunchScreen.xib */ = {
			isa = PBXVariantGroup;
			children = (
				AA8444551ACFED89004F0D0E /* Base */,
			);
			name = LaunchScreen.xib;
			sourceTree = "<group>";
		};
/* End PBXVariantGroup section */

/* Begin XCBuildConfiguration section */
		AA8444631ACFED8A004F0D0E /* Debug */ = {
			isa = XCBuildConfiguration;
			buildSettings = {
				ALWAYS_SEARCH_USER_PATHS = NO;
				CLANG_CXX_LANGUAGE_STANDARD = "gnu++0x";
				CLANG_CXX_LIBRARY = "libc++";
				CLANG_ENABLE_MODULES = YES;
				CLANG_ENABLE_OBJC_ARC = YES;
				CLANG_WARN_BOOL_CONVERSION = YES;
				CLANG_WARN_CONSTANT_CONVERSION = YES;
				CLANG_WARN_DIRECT_OBJC_ISA_USAGE = YES_ERROR;
				CLANG_WARN_EMPTY_BODY = YES;
				CLANG_WARN_ENUM_CONVERSION = YES;
				CLANG_WARN_INT_CONVERSION = YES;
				CLANG_WARN_OBJC_ROOT_CLASS = YES_ERROR;
				CLANG_WARN_UNREACHABLE_CODE = YES;
				CLANG_WARN__DUPLICATE_METHOD_MATCH = YES;
				CODE_SIGN_IDENTITY = "iPhone Developer";
				"CODE_SIGN_IDENTITY[sdk=iphoneos*]" = "iPhone Developer";
				COPY_PHASE_STRIP = NO;
				ENABLE_STRICT_OBJC_MSGSEND = YES;
				GCC_C_LANGUAGE_STANDARD = gnu99;
				GCC_DYNAMIC_NO_PIC = NO;
				GCC_OPTIMIZATION_LEVEL = 0;
				GCC_PREPROCESSOR_DEFINITIONS = (
					"DEBUG=1",
					"$(inherited)",
				);
				GCC_SYMBOLS_PRIVATE_EXTERN = NO;
				GCC_WARN_64_TO_32_BIT_CONVERSION = YES;
				GCC_WARN_ABOUT_RETURN_TYPE = YES_ERROR;
				GCC_WARN_UNDECLARED_SELECTOR = YES;
				GCC_WARN_UNINITIALIZED_AUTOS = YES_AGGRESSIVE;
				GCC_WARN_UNUSED_FUNCTION = YES;
				GCC_WARN_UNUSED_VARIABLE = YES;
				IPHONEOS_DEPLOYMENT_TARGET = 8.2;
				MTL_ENABLE_DEBUG_INFO = YES;
				ONLY_ACTIVE_ARCH = YES;
				SDKROOT = iphoneos;
			};
			name = Debug;
		};
		AA8444641ACFED8A004F0D0E /* Release */ = {
			isa = XCBuildConfiguration;
			buildSettings = {
				ALWAYS_SEARCH_USER_PATHS = NO;
				CLANG_CXX_LANGUAGE_STANDARD = "gnu++0x";
				CLANG_CXX_LIBRARY = "libc++";
				CLANG_ENABLE_MODULES = YES;
				CLANG_ENABLE_OBJC_ARC = YES;
				CLANG_WARN_BOOL_CONVERSION = YES;
				CLANG_WARN_CONSTANT_CONVERSION = YES;
				CLANG_WARN_DIRECT_OBJC_ISA_USAGE = YES_ERROR;
				CLANG_WARN_EMPTY_BODY = YES;
				CLANG_WARN_ENUM_CONVERSION = YES;
				CLANG_WARN_INT_CONVERSION = YES;
				CLANG_WARN_OBJC_ROOT_CLASS = YES_ERROR;
				CLANG_WARN_UNREACHABLE_CODE = YES;
				CLANG_WARN__DUPLICATE_METHOD_MATCH = YES;
				CODE_SIGN_IDENTITY = "Apple Production IOS Push Services: com.technochimera.motif";
				"CODE_SIGN_IDENTITY[sdk=iphoneos*]" = "Apple Production IOS Push Services: com.technochimera.motif";
				COPY_PHASE_STRIP = NO;
				ENABLE_NS_ASSERTIONS = NO;
				ENABLE_STRICT_OBJC_MSGSEND = YES;
				GCC_C_LANGUAGE_STANDARD = gnu99;
				GCC_WARN_64_TO_32_BIT_CONVERSION = YES;
				GCC_WARN_ABOUT_RETURN_TYPE = YES_ERROR;
				GCC_WARN_UNDECLARED_SELECTOR = YES;
				GCC_WARN_UNINITIALIZED_AUTOS = YES_AGGRESSIVE;
				GCC_WARN_UNUSED_FUNCTION = YES;
				GCC_WARN_UNUSED_VARIABLE = YES;
				IPHONEOS_DEPLOYMENT_TARGET = 8.2;
				MTL_ENABLE_DEBUG_INFO = NO;
				SDKROOT = iphoneos;
				VALIDATE_PRODUCT = YES;
			};
			name = Release;
		};
		AA8444661ACFED8A004F0D0E /* Debug */ = {
			isa = XCBuildConfiguration;
			baseConfigurationReference = CE678E0B15B1985857D79D70 /* Pods.debug.xcconfig */;
			buildSettings = {
				ASSETCATALOG_COMPILER_APPICON_NAME = AppIcon;
				CODE_SIGN_IDENTITY = "iPhone Developer: Si Te Feng (PAR485YFSL)";
				FRAMEWORK_SEARCH_PATHS = (
					"$(inherited)",
					"$(PROJECT_DIR)/motif",
				);
				HEADER_SEARCH_PATHS = (
					"$(inherited)",
					"\"${PODS_ROOT}/Headers/Public\"",
					"\"${PODS_ROOT}/Headers/Public/AFNetworking\"",
					"\"${PODS_ROOT}/Headers/Public/AFOAuth2Manager\"",
					"${PROJECT_DIR}/MPOAuth-master/Source/Framework",
					"\"${PODS_ROOT}/Headers/Public/Bolts\"",
				);
				INFOPLIST_FILE = motif/Info.plist;
				LD_RUNPATH_SEARCH_PATHS = "$(inherited) @executable_path/Frameworks";
				LIBRARY_SEARCH_PATHS = (
					"$(inherited)",
					"$(USER_LIBRARY_DIR)/Developer/Xcode/DerivedData/MPOAuth-ggniikqbndxfxgauzzeorpyhfbeh/Build/Products/Debug",
					"$(PROJECT_DIR)/motif",
					"/Users/Main/Downloads/LROAuth2Client-master/build/Debug-iphoneos",
					"$(PROJECT_DIR)/MPOAuth-master/build/Debug",
					"$(PROJECT_DIR)/MPOAuth-master/build/Debug-iphoneos",
				);
				PRODUCT_NAME = "$(TARGET_NAME)";
			};
			name = Debug;
		};
		AA8444671ACFED8A004F0D0E /* Release */ = {
			isa = XCBuildConfiguration;
			baseConfigurationReference = 8C6D86B12953E68FCADE37FB /* Pods.release.xcconfig */;
			buildSettings = {
				ASSETCATALOG_COMPILER_APPICON_NAME = AppIcon;
				CODE_SIGN_IDENTITY = "iPhone Developer: Si Te Feng (PAR485YFSL)";
				FRAMEWORK_SEARCH_PATHS = (
					"$(inherited)",
					"$(PROJECT_DIR)/motif",
				);
				HEADER_SEARCH_PATHS = (
					"$(inherited)",
					"\"${PODS_ROOT}/Headers/Public\"",
					"\"${PODS_ROOT}/Headers/Public/AFNetworking\"",
					"\"${PODS_ROOT}/Headers/Public/AFOAuth2Manager\"",
					"${PROJECT_DIR}/MPOAuth-master/Source/Framework",
					"\"${PODS_ROOT}/Headers/Public/Bolts\"",
				);
				INFOPLIST_FILE = motif/Info.plist;
				LD_RUNPATH_SEARCH_PATHS = "$(inherited) @executable_path/Frameworks";
				LIBRARY_SEARCH_PATHS = (
					"$(inherited)",
					"$(USER_LIBRARY_DIR)/Developer/Xcode/DerivedData/MPOAuth-ggniikqbndxfxgauzzeorpyhfbeh/Build/Products/Debug",
					"$(PROJECT_DIR)/motif",
					"/Users/Main/Downloads/LROAuth2Client-master/build/Debug-iphoneos",
					"$(PROJECT_DIR)/MPOAuth-master/build/Debug",
					"$(PROJECT_DIR)/MPOAuth-master/build/Debug-iphoneos",
				);
				PRODUCT_NAME = "$(TARGET_NAME)";
			};
			name = Release;
		};
		AA8444691ACFED8A004F0D0E /* Debug */ = {
			isa = XCBuildConfiguration;
			buildSettings = {
				BUNDLE_LOADER = "$(TEST_HOST)";
				FRAMEWORK_SEARCH_PATHS = (
					"$(SDKROOT)/Developer/Library/Frameworks",
					"$(inherited)",
				);
				GCC_PREPROCESSOR_DEFINITIONS = (
					"DEBUG=1",
					"$(inherited)",
				);
				INFOPLIST_FILE = motifTests/Info.plist;
				LD_RUNPATH_SEARCH_PATHS = "$(inherited) @executable_path/Frameworks @loader_path/Frameworks";
				PRODUCT_NAME = "$(TARGET_NAME)";
				TEST_HOST = "$(BUILT_PRODUCTS_DIR)/motif.app/motif";
			};
			name = Debug;
		};
		AA84446A1ACFED8A004F0D0E /* Release */ = {
			isa = XCBuildConfiguration;
			buildSettings = {
				BUNDLE_LOADER = "$(TEST_HOST)";
				FRAMEWORK_SEARCH_PATHS = (
					"$(SDKROOT)/Developer/Library/Frameworks",
					"$(inherited)",
				);
				INFOPLIST_FILE = motifTests/Info.plist;
				LD_RUNPATH_SEARCH_PATHS = "$(inherited) @executable_path/Frameworks @loader_path/Frameworks";
				PRODUCT_NAME = "$(TARGET_NAME)";
				TEST_HOST = "$(BUILT_PRODUCTS_DIR)/motif.app/motif";
			};
			name = Release;
		};
/* End XCBuildConfiguration section */

/* Begin XCConfigurationList section */
		AA84443A1ACFED89004F0D0E /* Build configuration list for PBXProject "motif" */ = {
			isa = XCConfigurationList;
			buildConfigurations = (
				AA8444631ACFED8A004F0D0E /* Debug */,
				AA8444641ACFED8A004F0D0E /* Release */,
			);
			defaultConfigurationIsVisible = 0;
			defaultConfigurationName = Release;
		};
		AA8444651ACFED8A004F0D0E /* Build configuration list for PBXNativeTarget "motif" */ = {
			isa = XCConfigurationList;
			buildConfigurations = (
				AA8444661ACFED8A004F0D0E /* Debug */,
				AA8444671ACFED8A004F0D0E /* Release */,
			);
			defaultConfigurationIsVisible = 0;
			defaultConfigurationName = Release;
		};
		AA8444681ACFED8A004F0D0E /* Build configuration list for PBXNativeTarget "motifTests" */ = {
			isa = XCConfigurationList;
			buildConfigurations = (
				AA8444691ACFED8A004F0D0E /* Debug */,
				AA84446A1ACFED8A004F0D0E /* Release */,
			);
			defaultConfigurationIsVisible = 0;
			defaultConfigurationName = Release;
		};
/* End XCConfigurationList section */

/* Begin XCVersionGroup section */
		AA8444491ACFED89004F0D0E /* motif.xcdatamodeld */ = {
			isa = XCVersionGroup;
			children = (
				AA84444A1ACFED89004F0D0E /* motif.xcdatamodel */,
			);
			currentVersion = AA84444A1ACFED89004F0D0E /* motif.xcdatamodel */;
			path = motif.xcdatamodeld;
			sourceTree = "<group>";
			versionGroupType = wrapper.xcdatamodel;
		};
/* End XCVersionGroup section */
	};
	rootObject = AA8444371ACFED89004F0D0E /* Project object */;
}
